<Solution>
  <Folder Name="/src/">
    <Project Path="src/AigcTotal.GB45438/AigcTotal.GB45438.csproj" />
    <Project Path="src/AigcTotal.Report.Cli/AigcTotal.Report.Cli.csproj" />
    <Project Path="src/AigcTotal.Report/AigcTotal.Report.csproj" />
  </Folder>
  <Folder Name="/tests/">
    <Project Path="tests/AigcTotal.GB45438.Tests/AigcTotal.GB45438.Tests.csproj" />
    <Project Path="tests/AigcTotal.GB45438.NetStandard.Tests/AigcTotal.GB45438.NetStandard.Tests.csproj" />
    <Project Path="tests/AigcTotal.Report.Tests/AigcTotal.Report.Tests.csproj" />
    <Project Path="tests/AigcTotal.TestSupport/AigcTotal.TestSupport.csproj" />
  </Folder>
  <Folder Name="/tools/">
    <Project Path="tools/AigcTotal.Fixtures/AigcTotal.Fixtures.csproj" />
    <Project Path="tools/AigcTotal.Fuzz/AigcTotal.Fuzz.csproj" />
  </Folder>
</Solution>
